
Microsoft Visual Studio Solution File, Format Version 12.00
# Visual Studio 15
VisualStudioVersion = 15.0.26730.10
MinimumVisualStudioVersion = 10.0.40219.1
Project("{2150E333-8FDC-42A3-9474-1A3956D46DE8}") = "src", "src", "{04D496F9-ECE3-4F26-ABF7-FD4511112142}"
EndProject
Project("{9A19103F-16F7-4668-BE54-9A1E7A4F7556}") = "TelegramClient.Core", "src\TelegramClient.Core\TelegramClient.Core.csproj", "{6DDAD7EF-AF3B-40EF-84DF-A364E83F9946}"
EndProject
Project("{2150E333-8FDC-42A3-9474-1A3956D46DE8}") = "tests", "tests", "{78830552-5E51-43BD-B510-7D59813B0CC9}"
EndProject
Project("{9A19103F-16F7-4668-BE54-9A1E7A4F7556}") = "TelegramClient.Tests", "tests\TelegramClient.Tests\TelegramClient.Tests.csproj", "{51FD7794-A861-439A-9CA3-75C4232E9CAC}"
EndProject
Project("{2150E333-8FDC-42A3-9474-1A3956D46DE8}") = "sln", "sln", "{679DFB1A-3BA6-450C-A42B-B6E3071EED37}"
	ProjectSection(SolutionItems) = preProject
		LICENSE.txt = LICENSE.txt
		README.md = README.md
	EndProjectSection
EndProject
Global
	GlobalSection(SolutionConfigurationPlatforms) = preSolution
		Debug|Any CPU = Debug|Any CPU
		Release|Any CPU = Release|Any CPU
	EndGlobalSection
	GlobalSection(ProjectConfigurationPlatforms) = postSolution
		{6DDAD7EF-AF3B-40EF-84DF-A364E83F9946}.Debug|Any CPU.ActiveCfg = Debug|Any CPU
		{6DDAD7EF-AF3B-40EF-84DF-A364E83F9946}.Debug|Any CPU.Build.0 = Debug|Any CPU
		{6DDAD7EF-AF3B-40EF-84DF-A364E83F9946}.Release|Any CPU.ActiveCfg = Release|Any CPU
		{6DDAD7EF-AF3B-40EF-84DF-A364E83F9946}.Release|Any CPU.Build.0 = Release|Any CPU
		{51FD7794-A861-439A-9CA3-75C4232E9CAC}.Debug|Any CPU.ActiveCfg = Debug|Any CPU
		{51FD7794-A861-439A-9CA3-75C4232E9CAC}.Debug|Any CPU.Build.0 = Debug|Any CPU
		{51FD7794-A861-439A-9CA3-75C4232E9CAC}.Release|Any CPU.ActiveCfg = Release|Any CPU
		{51FD7794-A861-439A-9CA3-75C4232E9CAC}.Release|Any CPU.Build.0 = Release|Any CPU
	EndGlobalSection
	GlobalSection(SolutionProperties) = preSolution
		HideSolutionNode = FALSE
	EndGlobalSection
	GlobalSection(NestedProjects) = preSolution
		{6DDAD7EF-AF3B-40EF-84DF-A364E83F9946} = {04D496F9-ECE3-4F26-ABF7-FD4511112142}
		{51FD7794-A861-439A-9CA3-75C4232E9CAC} = {78830552-5E51-43BD-B510-7D59813B0CC9}
	EndGlobalSection
	GlobalSection(ExtensibilityGlobals) = postSolution
		SolutionGuid = {7D2DDFF1-C8B9-45A6-98B7-94D467BAA2A9}
	EndGlobalSection
	GlobalSection(MonoDevelopProperties) = preSolution
		Policies = $0
		$0.TextStylePolicy = $1
		$1.inheritsSet = VisualStudio
		$1.inheritsScope = text/plain
		$1.scope = text/x-csharp
		$0.CSharpFormattingPolicy = $2
		$2.IndentSwitchBody = True
		$2.IndentBlocksInsideExpressions = True
		$2.AnonymousMethodBraceStyle = NextLine
		$2.PropertyBraceStyle = NextLine
		$2.PropertyGetBraceStyle = NextLine
		$2.PropertySetBraceStyle = NextLine
		$2.EventBraceStyle = NextLine
		$2.EventAddBraceStyle = NextLine
		$2.EventRemoveBraceStyle = NextLine
		$2.StatementBraceStyle = NextLine
		$2.ElseNewLinePlacement = NewLine
		$2.CatchNewLinePlacement = NewLine
		$2.FinallyNewLinePlacement = NewLine
		$2.WhileNewLinePlacement = DoNotCare
		$2.ArrayInitializerWrapping = DoNotChange
		$2.ArrayInitializerBraceStyle = NextLine
		$2.BeforeMethodDeclarationParentheses = False
		$2.BeforeMethodCallParentheses = False
		$2.BeforeConstructorDeclarationParentheses = False
		$2.NewLineBeforeConstructorInitializerColon = NewLine
		$2.NewLineAfterConstructorInitializerColon = SameLine
		$2.BeforeDelegateDeclarationParentheses = False
		$2.NewParentheses = False
		$2.SpacesBeforeBrackets = False
		$2.inheritsSet = Mono
		$2.inheritsScope = text/x-csharp
		$2.scope = text/x-csharp
	EndGlobalSection
EndGlobal
