
Microsoft Visual Studio Solution File, Format Version 12.00
# Visual Studio 15
VisualStudioVersion = 15.0.26430.6
MinimumVisualStudioVersion = 10.0.40219.1
Project("{2150E333-8FDC-42A3-9474-1A3956D46DE8}") = "src", "src", "{04D496F9-ECE3-4F26-ABF7-FD4511112142}"
EndProject
Project("{FAE04EC0-301F-11D3-BF4B-00C04F79EFBC}") = "TelegramClient.Core", "src\TelegramClient.Core\TelegramClient.Core.csproj", "{6DDAD7EF-AF3B-40EF-84DF-A364E83F9946}"
EndProject
Project("{FAE04EC0-301F-11D3-BF4B-00C04F79EFBC}") = "TelegramClient.Entities", "src\TelegramClient.Entities\TelegramClient.Entities.csproj", "{A3B051E5-F128-4952-903C-7EFDB663D713}"
EndProject
Project("{FAE04EC0-301F-11D3-BF4B-00C04F79EFBC}") = "TelegramClient.Entities.Generator", "src\TelegramClient.Entities.Generator\TelegramClient.Entities.Generator.csproj", "{0A1242A7-2282-4D0B-80DC-ED7397DD3FA7}"
EndProject
Project("{2150E333-8FDC-42A3-9474-1A3956D46DE8}") = "tests", "tests", "{78830552-5E51-43BD-B510-7D59813B0CC9}"
EndProject
Project("{FAE04EC0-301F-11D3-BF4B-00C04F79EFBC}") = "TelegramClient.Tests", "tests\TelegramClient.Tests\TelegramClient.Tests.csproj", "{51FD7794-A861-439A-9CA3-75C4232E9CAC}"
EndProject
Project("{FAE04EC0-301F-11D3-BF4B-00C04F79EFBC}") = "TelegramClient.UnitTests", "tests\TelegramClient.UnitTests\TelegramClient.UnitTests.csproj", "{D258CC09-CBC8-4183-B60C-7C116A1E126F}"
EndProject
Project("{2150E333-8FDC-42A3-9474-1A3956D46DE8}") = "sln", "sln", "{679DFB1A-3BA6-450C-A42B-B6E3071EED37}"
	ProjectSection(SolutionItems) = preProject
		LICENSE.txt = LICENSE.txt
	EndProjectSection
EndProject
Global
	GlobalSection(SolutionConfigurationPlatforms) = preSolution
		Debug|Any CPU = Debug|Any CPU
		Release|Any CPU = Release|Any CPU
	EndGlobalSection
	GlobalSection(ProjectConfigurationPlatforms) = postSolution
		{6DDAD7EF-AF3B-40EF-84DF-A364E83F9946}.Debug|Any CPU.ActiveCfg = Debug|Any CPU
		{6DDAD7EF-AF3B-40EF-84DF-A364E83F9946}.Debug|Any CPU.Build.0 = Debug|Any CPU
		{6DDAD7EF-AF3B-40EF-84DF-A364E83F9946}.Release|Any CPU.ActiveCfg = Release|Any CPU
		{6DDAD7EF-AF3B-40EF-84DF-A364E83F9946}.Release|Any CPU.Build.0 = Release|Any CPU
		{A3B051E5-F128-4952-903C-7EFDB663D713}.Debug|Any CPU.ActiveCfg = Debug|Any CPU
		{A3B051E5-F128-4952-903C-7EFDB663D713}.Debug|Any CPU.Build.0 = Debug|Any CPU
		{A3B051E5-F128-4952-903C-7EFDB663D713}.Release|Any CPU.ActiveCfg = Release|Any CPU
		{A3B051E5-F128-4952-903C-7EFDB663D713}.Release|Any CPU.Build.0 = Release|Any CPU
		{0A1242A7-2282-4D0B-80DC-ED7397DD3FA7}.Debug|Any CPU.ActiveCfg = Debug|Any CPU
		{0A1242A7-2282-4D0B-80DC-ED7397DD3FA7}.Debug|Any CPU.Build.0 = Debug|Any CPU
		{0A1242A7-2282-4D0B-80DC-ED7397DD3FA7}.Release|Any CPU.ActiveCfg = Release|Any CPU
		{0A1242A7-2282-4D0B-80DC-ED7397DD3FA7}.Release|Any CPU.Build.0 = Release|Any CPU
		{51FD7794-A861-439A-9CA3-75C4232E9CAC}.Debug|Any CPU.ActiveCfg = Debug|Any CPU
		{51FD7794-A861-439A-9CA3-75C4232E9CAC}.Debug|Any CPU.Build.0 = Debug|Any CPU
		{51FD7794-A861-439A-9CA3-75C4232E9CAC}.Release|Any CPU.ActiveCfg = Release|Any CPU
		{51FD7794-A861-439A-9CA3-75C4232E9CAC}.Release|Any CPU.Build.0 = Release|Any CPU
		{D258CC09-CBC8-4183-B60C-7C116A1E126F}.Debug|Any CPU.ActiveCfg = Debug|Any CPU
		{D258CC09-CBC8-4183-B60C-7C116A1E126F}.Debug|Any CPU.Build.0 = Debug|Any CPU
		{D258CC09-CBC8-4183-B60C-7C116A1E126F}.Release|Any CPU.ActiveCfg = Release|Any CPU
		{D258CC09-CBC8-4183-B60C-7C116A1E126F}.Release|Any CPU.Build.0 = Release|Any CPU
	EndGlobalSection
	GlobalSection(SolutionProperties) = preSolution
		HideSolutionNode = FALSE
	EndGlobalSection
	GlobalSection(NestedProjects) = preSolution
		{6DDAD7EF-AF3B-40EF-84DF-A364E83F9946} = {04D496F9-ECE3-4F26-ABF7-FD4511112142}
		{A3B051E5-F128-4952-903C-7EFDB663D713} = {04D496F9-ECE3-4F26-ABF7-FD4511112142}
		{0A1242A7-2282-4D0B-80DC-ED7397DD3FA7} = {04D496F9-ECE3-4F26-ABF7-FD4511112142}
		{51FD7794-A861-439A-9CA3-75C4232E9CAC} = {78830552-5E51-43BD-B510-7D59813B0CC9}
		{D258CC09-CBC8-4183-B60C-7C116A1E126F} = {78830552-5E51-43BD-B510-7D59813B0CC9}
	EndGlobalSection
	GlobalSection(MonoDevelopProperties) = preSolution
		Policies = $0
		$0.TextStylePolicy = $1
		$1.inheritsSet = VisualStudio
		$1.inheritsScope = text/plain
		$1.scope = text/x-csharp
		$0.CSharpFormattingPolicy = $2
		$2.IndentSwitchBody = True
		$2.IndentBlocksInsideExpressions = True
		$2.AnonymousMethodBraceStyle = NextLine
		$2.PropertyBraceStyle = NextLine
		$2.PropertyGetBraceStyle = NextLine
		$2.PropertySetBraceStyle = NextLine
		$2.EventBraceStyle = NextLine
		$2.EventAddBraceStyle = NextLine
		$2.EventRemoveBraceStyle = NextLine
		$2.StatementBraceStyle = NextLine
		$2.ElseNewLinePlacement = NewLine
		$2.CatchNewLinePlacement = NewLine
		$2.FinallyNewLinePlacement = NewLine
		$2.WhileNewLinePlacement = DoNotCare
		$2.ArrayInitializerWrapping = DoNotChange
		$2.ArrayInitializerBraceStyle = NextLine
		$2.BeforeMethodDeclarationParentheses = False
		$2.BeforeMethodCallParentheses = False
		$2.BeforeConstructorDeclarationParentheses = False
		$2.NewLineBeforeConstructorInitializerColon = NewLine
		$2.NewLineAfterConstructorInitializerColon = SameLine
		$2.BeforeDelegateDeclarationParentheses = False
		$2.NewParentheses = False
		$2.SpacesBeforeBrackets = False
		$2.inheritsSet = Mono
		$2.inheritsScope = text/x-csharp
		$2.scope = text/x-csharp
	EndGlobalSection
EndGlobal
